
Microsoft Visual Studio Solution File, Format Version 12.00
# Visual Studio Version 16
VisualStudioVersion = 16.0.30204.135
MinimumVisualStudioVersion = 10.0.40219.1
Project("{FAE04EC0-301F-11D3-BF4B-00C04F79EFBC}") = "Cinema", "Cinema\Cinema.csproj", "{DD3F5C8D-499F-4BEB-BC05-14F5B01EACB6}"
EndProject
Project("{FAE04EC0-301F-11D3-BF4B-00C04F79EFBC}") = "Cinema.Web", "Cinema.Web\Cinema.Web.csproj", "{61FE8505-7377-42A5-A997-0A2C44D9FB2E}"
EndProject
Global
	GlobalSection(SolutionConfigurationPlatforms) = preSolution
		Debug|Any CPU = Debug|Any CPU
		Release|Any CPU = Release|Any CPU
	EndGlobalSection
	GlobalSection(ProjectConfigurationPlatforms) = postSolution
		{DD3F5C8D-499F-4BEB-BC05-14F5B01EACB6}.Debug|Any CPU.ActiveCfg = Debug|Any CPU
		{DD3F5C8D-499F-4BEB-BC05-14F5B01EACB6}.Debug|Any CPU.Build.0 = Debug|Any CPU
		{DD3F5C8D-499F-4BEB-BC05-14F5B01EACB6}.Release|Any CPU.ActiveCfg = Release|Any CPU
		{DD3F5C8D-499F-4BEB-BC05-14F5B01EACB6}.Release|Any CPU.Build.0 = Release|Any CPU
		{61FE8505-7377-42A5-A997-0A2C44D9FB2E}.Debug|Any CPU.ActiveCfg = Debug|Any CPU
		{61FE8505-7377-42A5-A997-0A2C44D9FB2E}.Debug|Any CPU.Build.0 = Debug|Any CPU
		{61FE8505-7377-42A5-A997-0A2C44D9FB2E}.Release|Any CPU.ActiveCfg = Release|Any CPU
		{61FE8505-7377-42A5-A997-0A2C44D9FB2E}.Release|Any CPU.Build.0 = Release|Any CPU
	EndGlobalSection
	GlobalSection(SolutionProperties) = preSolution
		HideSolutionNode = FALSE
	EndGlobalSection
	GlobalSection(ExtensibilityGlobals) = postSolution
		SolutionGuid = {17AD492C-4464-477B-8CAE-18DC8B48D9A5}
	EndGlobalSection
EndGlobal
